
Microsoft Visual Studio Solution File, Format Version 12.00
# Visual Studio Version 16
VisualStudioVersion = 16.0.30804.86
MinimumVisualStudioVersion = 10.0.40219.1
Project("{FAE04EC0-301F-11D3-BF4B-00C04F79EFBC}") = "TinkoffInvestReportProcessor", "TinkoffInvestReportProcessor\TinkoffInvestReportProcessor.csproj", "{8A578F47-38B7-494C-B7E4-37AD04F68511}"
EndProject
Global
	GlobalSection(SolutionConfigurationPlatforms) = preSolution
		Debug|Any CPU = Debug|Any CPU
		Release|Any CPU = Release|Any CPU
	EndGlobalSection
	GlobalSection(ProjectConfigurationPlatforms) = postSolution
		{8A578F47-38B7-494C-B7E4-37AD04F68511}.Debug|Any CPU.ActiveCfg = Debug|Any CPU
		{8A578F47-38B7-494C-B7E4-37AD04F68511}.Debug|Any CPU.Build.0 = Debug|Any CPU
		{8A578F47-38B7-494C-B7E4-37AD04F68511}.Release|Any CPU.ActiveCfg = Release|Any CPU
		{8A578F47-38B7-494C-B7E4-37AD04F68511}.Release|Any CPU.Build.0 = Release|Any CPU
	EndGlobalSection
	GlobalSection(SolutionProperties) = preSolution
		HideSolutionNode = FALSE
	EndGlobalSection
	GlobalSection(ExtensibilityGlobals) = postSolution
		SolutionGuid = {4C66FA58-C17C-4411-9BC4-9E133E2A4537}
	EndGlobalSection
EndGlobal
